
Microsoft Visual Studio Solution File, Format Version 12.00
# Visual Studio Version 17
VisualStudioVersion = 17.14.36301.6 d17.14
MinimumVisualStudioVersion = 10.0.40219.1
Project("{FAE04EC0-301F-11D3-BF4B-00C04F79EFBC}") = "VideoGameApi", "VideoGameApi\VideoGameApi.csproj", "{426AB903-2F5D-4532-ADC4-A118517CB108}"
EndProject
Global
	GlobalSection(SolutionConfigurationPlatforms) = preSolution
		Debug|Any CPU = Debug|Any CPU
		Release|Any CPU = Release|Any CPU
	EndGlobalSection
	GlobalSection(ProjectConfigurationPlatforms) = postSolution
		{426AB903-2F5D-4532-ADC4-A118517CB108}.Debug|Any CPU.ActiveCfg = Debug|Any CPU
		{426AB903-2F5D-4532-ADC4-A118517CB108}.Debug|Any CPU.Build.0 = Debug|Any CPU
		{426AB903-2F5D-4532-ADC4-A118517CB108}.Release|Any CPU.ActiveCfg = Release|Any CPU
		{426AB903-2F5D-4532-ADC4-A118517CB108}.Release|Any CPU.Build.0 = Release|Any CPU
	EndGlobalSection
	GlobalSection(SolutionProperties) = preSolution
		HideSolutionNode = FALSE
	EndGlobalSection
	GlobalSection(ExtensibilityGlobals) = postSolution
		SolutionGuid = {6C1CEF8E-2B9C-4B1A-B654-A9FE215BDE29}
	EndGlobalSection
EndGlobal
